
Microsoft Visual Studio Solution File, Format Version 12.00
# Visual Studio 2013
VisualStudioVersion = 12.0.30501.0
MinimumVisualStudioVersion = 10.0.40219.1
Project("{FAE04EC0-301F-11D3-BF4B-00C04F79EFBC}") = "Market", "Market\Market.csproj", "{46240BAC-AA00-40EE-8C9A-1C282DD8CCF1}"
EndProject
Project("{FAE04EC0-301F-11D3-BF4B-00C04F79EFBC}") = "MarketTestFixture", "MarketTestFixture\MarketTestFixture.csproj", "{A8112FA8-49A3-49DE-8E35-84E591AA5965}"
EndProject
Project("{FAE04EC0-301F-11D3-BF4B-00C04F79EFBC}") = "MarketPresentation", "MarketPresentation\MarketPresentation.csproj", "{B0DE018C-51EB-41AB-9C78-C008DF7EBD30}"
EndProject
Global
	GlobalSection(SolutionConfigurationPlatforms) = preSolution
		Debug|Any CPU = Debug|Any CPU
		Release|Any CPU = Release|Any CPU
	EndGlobalSection
	GlobalSection(ProjectConfigurationPlatforms) = postSolution
		{46240BAC-AA00-40EE-8C9A-1C282DD8CCF1}.Debug|Any CPU.ActiveCfg = Debug|Any CPU
		{46240BAC-AA00-40EE-8C9A-1C282DD8CCF1}.Debug|Any CPU.Build.0 = Debug|Any CPU
		{46240BAC-AA00-40EE-8C9A-1C282DD8CCF1}.Release|Any CPU.ActiveCfg = Release|Any CPU
		{46240BAC-AA00-40EE-8C9A-1C282DD8CCF1}.Release|Any CPU.Build.0 = Release|Any CPU
		{A8112FA8-49A3-49DE-8E35-84E591AA5965}.Debug|Any CPU.ActiveCfg = Debug|Any CPU
		{A8112FA8-49A3-49DE-8E35-84E591AA5965}.Debug|Any CPU.Build.0 = Debug|Any CPU
		{A8112FA8-49A3-49DE-8E35-84E591AA5965}.Release|Any CPU.ActiveCfg = Release|Any CPU
		{A8112FA8-49A3-49DE-8E35-84E591AA5965}.Release|Any CPU.Build.0 = Release|Any CPU
		{B0DE018C-51EB-41AB-9C78-C008DF7EBD30}.Debug|Any CPU.ActiveCfg = Debug|Any CPU
		{B0DE018C-51EB-41AB-9C78-C008DF7EBD30}.Debug|Any CPU.Build.0 = Debug|Any CPU
		{B0DE018C-51EB-41AB-9C78-C008DF7EBD30}.Release|Any CPU.ActiveCfg = Release|Any CPU
		{B0DE018C-51EB-41AB-9C78-C008DF7EBD30}.Release|Any CPU.Build.0 = Release|Any CPU
	EndGlobalSection
	GlobalSection(SolutionProperties) = preSolution
		HideSolutionNode = FALSE
	EndGlobalSection
EndGlobal
